
Microsoft Visual Studio Solution File, Format Version 12.00
# Visual Studio Version 17
VisualStudioVersion = 17.9.34622.214
MinimumVisualStudioVersion = 10.0.40219.1
Project("{FAE04EC0-301F-11D3-BF4B-00C04F79EFBC}") = "MunicipalityManagement", "MunicipalityManagement\MunicipalityManagement.csproj", "{BC402F54-2C34-46C1-8BFE-8AE60CCE11F0}"
EndProject
Project("{FAE04EC0-301F-11D3-BF4B-00C04F79EFBC}") = "MunicipalityManagement.Tests", "MunicipalityManagement.Tests\MunicipalityManagement.Tests.csproj", "{68516ABD-D9E8-4224-BA1E-2F1E44D9C970}"
EndProject
Global
	GlobalSection(SolutionConfigurationPlatforms) = preSolution
		Debug|Any CPU = Debug|Any CPU
		Release|Any CPU = Release|Any CPU
	EndGlobalSection
	GlobalSection(ProjectConfigurationPlatforms) = postSolution
		{BC402F54-2C34-46C1-8BFE-8AE60CCE11F0}.Debug|Any CPU.ActiveCfg = Debug|Any CPU
		{BC402F54-2C34-46C1-8BFE-8AE60CCE11F0}.Debug|Any CPU.Build.0 = Debug|Any CPU
		{BC402F54-2C34-46C1-8BFE-8AE60CCE11F0}.Release|Any CPU.ActiveCfg = Release|Any CPU
		{BC402F54-2C34-46C1-8BFE-8AE60CCE11F0}.Release|Any CPU.Build.0 = Release|Any CPU
		{68516ABD-D9E8-4224-BA1E-2F1E44D9C970}.Debug|Any CPU.ActiveCfg = Debug|Any CPU
		{68516ABD-D9E8-4224-BA1E-2F1E44D9C970}.Debug|Any CPU.Build.0 = Debug|Any CPU
		{68516ABD-D9E8-4224-BA1E-2F1E44D9C970}.Release|Any CPU.ActiveCfg = Release|Any CPU
		{68516ABD-D9E8-4224-BA1E-2F1E44D9C970}.Release|Any CPU.Build.0 = Release|Any CPU
	EndGlobalSection
	GlobalSection(SolutionProperties) = preSolution
		HideSolutionNode = FALSE
	EndGlobalSection
	GlobalSection(ExtensibilityGlobals) = postSolution
		SolutionGuid = {24BAB640-8366-4269-9C66-F77FFC807A2D}
	EndGlobalSection
EndGlobal
